// !$*UTF8*$!
{
	archiveVersion = 1;
	classes = {
	};
	objectVersion = 46;
	objects = {

/* Begin PBXBuildFile section */
		345849C719BD3E150053AF59 /* AppDelegate.swift in Sources */ = {isa = PBXBuildFile; fileRef = 345849C619BD3E150053AF59 /* AppDelegate.swift */; };
		345849C919BD3E150053AF59 /* ViewController.swift in Sources */ = {isa = PBXBuildFile; fileRef = 345849C819BD3E150053AF59 /* ViewController.swift */; };
		345849CC19BD3E150053AF59 /* Main.storyboard in Resources */ = {isa = PBXBuildFile; fileRef = 345849CA19BD3E150053AF59 /* Main.storyboard */; };
		345849CE19BD3E150053AF59 /* Images.xcassets in Resources */ = {isa = PBXBuildFile; fileRef = 345849CD19BD3E150053AF59 /* Images.xcassets */; };
		345849DA19BD3E160053AF59 /* CalculoFatorialTests.swift in Sources */ = {isa = PBXBuildFile; fileRef = 345849D919BD3E160053AF59 /* CalculoFatorialTests.swift */; };
		345849E419BD3E4F0053AF59 /* FactorialCalculator.swift in Sources */ = {isa = PBXBuildFile; fileRef = 345849E319BD3E4F0053AF59 /* FactorialCalculator.swift */; };
		345849E619BD3EC10053AF59 /* RecursiveFactorialCalculator.swift in Sources */ = {isa = PBXBuildFile; fileRef = 345849E519BD3EC10053AF59 /* RecursiveFactorialCalculator.swift */; };
		345849E819BD3FAB0053AF59 /* LoopFactorialCalculator.swift in Sources */ = {isa = PBXBuildFile; fileRef = 345849E719BD3FAB0053AF59 /* LoopFactorialCalculator.swift */; };
/* End PBXBuildFile section */

/* Begin PBXContainerItemProxy section */
		345849D419BD3E160053AF59 /* PBXContainerItemProxy */ = {
			isa = PBXContainerItemProxy;
			containerPortal = 345849B919BD3E150053AF59 /* Project object */;
			proxyType = 1;
			remoteGlobalIDString = 345849C019BD3E150053AF59;
			remoteInfo = CalculoFatorial;
		};
/* End PBXContainerItemProxy section */

/* Begin PBXFileReference section */
		345849C119BD3E150053AF59 /* CalculoFatorial.app */ = {isa = PBXFileReference; explicitFileType = wrapper.application; includeInIndex = 0; path = CalculoFatorial.app; sourceTree = BUILT_PRODUCTS_DIR; };
		345849C519BD3E150053AF59 /* Info.plist */ = {isa = PBXFileReference; lastKnownFileType = text.plist.xml; path = Info.plist; sourceTree = "<group>"; };
		345849C619BD3E150053AF59 /* AppDelegate.swift */ = {isa = PBXFileReference; lastKnownFileType = sourcecode.swift; path = AppDelegate.swift; sourceTree = "<group>"; };
		345849C819BD3E150053AF59 /* ViewController.swift */ = {isa = PBXFileReference; lastKnownFileType = sourcecode.swift; path = ViewController.swift; sourceTree = "<group>"; };
		345849CB19BD3E150053AF59 /* Base */ = {isa = PBXFileReference; lastKnownFileType = file.storyboard; name = Base; path = Base.lproj/Main.storyboard; sourceTree = "<group>"; };
		345849CD19BD3E150053AF59 /* Images.xcassets */ = {isa = PBXFileReference; lastKnownFileType = folder.assetcatalog; path = Images.xcassets; sourceTree = "<group>"; };
		345849D319BD3E160053AF59 /* CalculoFatorialTests.xctest */ = {isa = PBXFileReference; explicitFileType = wrapper.cfbundle; includeInIndex = 0; path = CalculoFatorialTests.xctest; sourceTree = BUILT_PRODUCTS_DIR; };
		345849D819BD3E160053AF59 /* Info.plist */ = {isa = PBXFileReference; lastKnownFileType = text.plist.xml; path = Info.plist; sourceTree = "<group>"; };
		345849D919BD3E160053AF59 /* CalculoFatorialTests.swift */ = {isa = PBXFileReference; lastKnownFileType = sourcecode.swift; path = CalculoFatorialTests.swift; sourceTree = "<group>"; };
		345849E319BD3E4F0053AF59 /* FactorialCalculator.swift */ = {isa = PBXFileReference; fileEncoding = 4; lastKnownFileType = sourcecode.swift; path = FactorialCalculator.swift; sourceTree = "<group>"; };
		345849E519BD3EC10053AF59 /* RecursiveFactorialCalculator.swift */ = {isa = PBXFileReference; fileEncoding = 4; lastKnownFileType = sourcecode.swift; path = RecursiveFactorialCalculator.swift; sourceTree = "<group>"; };
		345849E719BD3FAB0053AF59 /* LoopFactorialCalculator.swift */ = {isa = PBXFileReference; fileEncoding = 4; lastKnownFileType = sourcecode.swift; path = LoopFactorialCalculator.swift; sourceTree = "<group>"; };
/* End PBXFileReference section */

/* Begin PBXFrameworksBuildPhase section */
		345849BE19BD3E150053AF59 /* Frameworks */ = {
			isa = PBXFrameworksBuildPhase;
			buildActionMask = 2147483647;
			files = (
			);
			runOnlyForDeploymentPostprocessing = 0;
		};
		345849D019BD3E160053AF59 /* Frameworks */ = {
			isa = PBXFrameworksBuildPhase;
			buildActionMask = 2147483647;
			files = (
			);
			runOnlyForDeploymentPostprocessing = 0;
		};
/* End PBXFrameworksBuildPhase section */

/* Begin PBXGroup section */
		345849B819BD3E150053AF59 = {
			isa = PBXGroup;
			children = (
				345849C319BD3E150053AF59 /* CalculoFatorial */,
				345849D619BD3E160053AF59 /* CalculoFatorialTests */,
				345849C219BD3E150053AF59 /* Products */,
			);
			sourceTree = "<group>";
		};
		345849C219BD3E150053AF59 /* Products */ = {
			isa = PBXGroup;
			children = (
				345849C119BD3E150053AF59 /* CalculoFatorial.app */,
				345849D319BD3E160053AF59 /* CalculoFatorialTests.xctest */,
			);
			name = Products;
			sourceTree = "<group>";
		};
		345849C319BD3E150053AF59 /* CalculoFatorial */ = {
			isa = PBXGroup;
			children = (
				345849C619BD3E150053AF59 /* AppDelegate.swift */,
				345849C819BD3E150053AF59 /* ViewController.swift */,
				345849CA19BD3E150053AF59 /* Main.storyboard */,
				345849CD19BD3E150053AF59 /* Images.xcassets */,
				345849C419BD3E150053AF59 /* Supporting Files */,
				345849E319BD3E4F0053AF59 /* FactorialCalculator.swift */,
				345849E719BD3FAB0053AF59 /* LoopFactorialCalculator.swift */,
				345849E519BD3EC10053AF59 /* RecursiveFactorialCalculator.swift */,
			);
			path = CalculoFatorial;
			sourceTree = "<group>";
		};
		345849C419BD3E150053AF59 /* Supporting Files */ = {
			isa = PBXGroup;
			children = (
				345849C519BD3E150053AF59 /* Info.plist */,
			);
			name = "Supporting Files";
			sourceTree = "<group>";
		};
		345849D619BD3E160053AF59 /* CalculoFatorialTests */ = {
			isa = PBXGroup;
			children = (
				345849D919BD3E160053AF59 /* CalculoFatorialTests.swift */,
				345849D719BD3E160053AF59 /* Supporting Files */,
			);
			path = CalculoFatorialTests;
			sourceTree = "<group>";
		};
		345849D719BD3E160053AF59 /* Supporting Files */ = {
			isa = PBXGroup;
			children = (
				345849D819BD3E160053AF59 /* Info.plist */,
			);
			name = "Supporting Files";
			sourceTree = "<group>";
		};
/* End PBXGroup section */

/* Begin PBXNativeTarget section */
		345849C019BD3E150053AF59 /* CalculoFatorial */ = {
			isa = PBXNativeTarget;
			buildConfigurationList = 345849DD19BD3E160053AF59 /* Build configuration list for PBXNativeTarget "CalculoFatorial" */;
			buildPhases = (
				345849BD19BD3E150053AF59 /* Sources */,
				345849BE19BD3E150053AF59 /* Frameworks */,
				345849BF19BD3E150053AF59 /* Resources */,
			);
			buildRules = (
			);
			dependencies = (
			);
			name = CalculoFatorial;
			productName = CalculoFatorial;
			productReference = 345849C119BD3E150053AF59 /* CalculoFatorial.app */;
			productType = "com.apple.product-type.application";
		};
		345849D219BD3E160053AF59 /* CalculoFatorialTests */ = {
			isa = PBXNativeTarget;
			buildConfigurationList = 345849E019BD3E160053AF59 /* Build configuration list for PBXNativeTarget "CalculoFatorialTests" */;
			buildPhases = (
				345849CF19BD3E160053AF59 /* Sources */,
				345849D019BD3E160053AF59 /* Frameworks */,
				345849D119BD3E160053AF59 /* Resources */,
			);
			buildRules = (
			);
			dependencies = (
				345849D519BD3E160053AF59 /* PBXTargetDependency */,
			);
			name = CalculoFatorialTests;
			productName = CalculoFatorialTests;
			productReference = 345849D319BD3E160053AF59 /* CalculoFatorialTests.xctest */;
			productType = "com.apple.product-type.bundle.unit-test";
		};
/* End PBXNativeTarget section */

/* Begin PBXProject section */
		345849B919BD3E150053AF59 /* Project object */ = {
			isa = PBXProject;
			attributes = {
				LastUpgradeCheck = 0600;
				ORGANIZATIONNAME = "José Inácio Athayde Ferrarini";
				TargetAttributes = {
					345849C019BD3E150053AF59 = {
						CreatedOnToolsVersion = 6.0;
						DevelopmentTeam = TS43775FV9;
					};
					345849D219BD3E160053AF59 = {
						CreatedOnToolsVersion = 6.0;
						TestTargetID = 345849C019BD3E150053AF59;
					};
				};
			};
			buildConfigurationList = 345849BC19BD3E150053AF59 /* Build configuration list for PBXProject "CalculoFatorial" */;
			compatibilityVersion = "Xcode 3.2";
			developmentRegion = English;
			hasScannedForEncodings = 0;
			knownRegions = (
				en,
				Base,
			);
			mainGroup = 345849B819BD3E150053AF59;
			productRefGroup = 345849C219BD3E150053AF59 /* Products */;
			projectDirPath = "";
			projectRoot = "";
			targets = (
				345849C019BD3E150053AF59 /* CalculoFatorial */,
				345849D219BD3E160053AF59 /* CalculoFatorialTests */,
			);
		};
/* End PBXProject section */

/* Begin PBXResourcesBuildPhase section */
		345849BF19BD3E150053AF59 /* Resources */ = {
			isa = PBXResourcesBuildPhase;
			buildActionMask = 2147483647;
			files = (
				345849CC19BD3E150053AF59 /* Main.storyboard in Resources */,
				345849CE19BD3E150053AF59 /* Images.xcassets in Resources */,
			);
			runOnlyForDeploymentPostprocessing = 0;
		};
		345849D119BD3E160053AF59 /* Resources */ = {
			isa = PBXResourcesBuildPhase;
			buildActionMask = 2147483647;
			files = (
			);
			runOnlyForDeploymentPostprocessing = 0;
		};
/* End PBXResourcesBuildPhase section */

/* Begin PBXSourcesBuildPhase section */
		345849BD19BD3E150053AF59 /* Sources */ = {
			isa = PBXSourcesBuildPhase;
			buildActionMask = 2147483647;
			files = (
				345849E619BD3EC10053AF59 /* RecursiveFactorialCalculator.swift in Sources */,
				345849E419BD3E4F0053AF59 /* FactorialCalculator.swift in Sources */,
				345849E819BD3FAB0053AF59 /* LoopFactorialCalculator.swift in Sources */,
				345849C919BD3E150053AF59 /* ViewController.swift in Sources */,
				345849C719BD3E150053AF59 /* AppDelegate.swift in Sources */,
			);
			runOnlyForDeploymentPostprocessing = 0;
		};
		345849CF19BD3E160053AF59 /* Sources */ = {
			isa = PBXSourcesBuildPhase;
			buildActionMask = 2147483647;
			files = (
				345849DA19BD3E160053AF59 /* CalculoFatorialTests.swift in Sources */,
			);
			runOnlyForDeploymentPostprocessing = 0;
		};
/* End PBXSourcesBuildPhase section */

/* Begin PBXTargetDependency section */
		345849D519BD3E160053AF59 /* PBXTargetDependency */ = {
			isa = PBXTargetDependency;
			target = 345849C019BD3E150053AF59 /* CalculoFatorial */;
			targetProxy = 345849D419BD3E160053AF59 /* PBXContainerItemProxy */;
		};
/* End PBXTargetDependency section */

/* Begin PBXVariantGroup section */
		345849CA19BD3E150053AF59 /* Main.storyboard */ = {
			isa = PBXVariantGroup;
			children = (
				345849CB19BD3E150053AF59 /* Base */,
			);
			name = Main.storyboard;
			sourceTree = "<group>";
		};
/* End PBXVariantGroup section */

/* Begin XCBuildConfiguration section */
		345849DB19BD3E160053AF59 /* Debug */ = {
			isa = XCBuildConfiguration;
			buildSettings = {
				ALWAYS_SEARCH_USER_PATHS = NO;
				CLANG_CXX_LANGUAGE_STANDARD = "gnu++0x";
				CLANG_CXX_LIBRARY = "libc++";
				CLANG_ENABLE_MODULES = YES;
				CLANG_ENABLE_OBJC_ARC = YES;
				CLANG_WARN_BOOL_CONVERSION = YES;
				CLANG_WARN_CONSTANT_CONVERSION = YES;
				CLANG_WARN_DIRECT_OBJC_ISA_USAGE = YES_ERROR;
				CLANG_WARN_EMPTY_BODY = YES;
				CLANG_WARN_ENUM_CONVERSION = YES;
				CLANG_WARN_INT_CONVERSION = YES;
				CLANG_WARN_OBJC_ROOT_CLASS = YES_ERROR;
				CLANG_WARN_UNREACHABLE_CODE = YES;
				CLANG_WARN__DUPLICATE_METHOD_MATCH = YES;
				"CODE_SIGN_IDENTITY[sdk=iphoneos*]" = "iPhone Developer";
				COPY_PHASE_STRIP = NO;
				ENABLE_STRICT_OBJC_MSGSEND = YES;
				GCC_C_LANGUAGE_STANDARD = gnu99;
				GCC_DYNAMIC_NO_PIC = NO;
				GCC_OPTIMIZATION_LEVEL = 0;
				GCC_PREPROCESSOR_DEFINITIONS = (
					"DEBUG=1",
					"$(inherited)",
				);
				GCC_SYMBOLS_PRIVATE_EXTERN = NO;
				GCC_WARN_64_TO_32_BIT_CONVERSION = YES;
				GCC_WARN_ABOUT_RETURN_TYPE = YES_ERROR;
				GCC_WARN_UNDECLARED_SELECTOR = YES;
				GCC_WARN_UNINITIALIZED_AUTOS = YES_AGGRESSIVE;
				GCC_WARN_UNUSED_FUNCTION = YES;
				GCC_WARN_UNUSED_VARIABLE = YES;
				IPHONEOS_DEPLOYMENT_TARGET = 8.0;
				MTL_ENABLE_DEBUG_INFO = YES;
				ONLY_ACTIVE_ARCH = YES;
				SDKROOT = iphoneos;
				SWIFT_OPTIMIZATION_LEVEL = "-Onone";
			};
			name = Debug;
		};
		345849DC19BD3E160053AF59 /* Release */ = {
			isa = XCBuildConfiguration;
			buildSettings = {
				ALWAYS_SEARCH_USER_PATHS = NO;
				CLANG_CXX_LANGUAGE_STANDARD = "gnu++0x";
				CLANG_CXX_LIBRARY = "libc++";
				CLANG_ENABLE_MODULES = YES;
				CLANG_ENABLE_OBJC_ARC = YES;
				CLANG_WARN_BOOL_CONVERSION = YES;
				CLANG_WARN_CONSTANT_CONVERSION = YES;
				CLANG_WARN_DIRECT_OBJC_ISA_USAGE = YES_ERROR;
				CLANG_WARN_EMPTY_BODY = YES;
				CLANG_WARN_ENUM_CONVERSION = YES;
				CLANG_WARN_INT_CONVERSION = YES;
				CLANG_WARN_OBJC_ROOT_CLASS = YES_ERROR;
				CLANG_WARN_UNREACHABLE_CODE = YES;
				CLANG_WARN__DUPLICATE_METHOD_MATCH = YES;
				"CODE_SIGN_IDENTITY[sdk=iphoneos*]" = "iPhone Developer";
				COPY_PHASE_STRIP = YES;
				ENABLE_NS_ASSERTIONS = NO;
				ENABLE_STRICT_OBJC_MSGSEND = YES;
				GCC_C_LANGUAGE_STANDARD = gnu99;
				GCC_WARN_64_TO_32_BIT_CONVERSION = YES;
				GCC_WARN_ABOUT_RETURN_TYPE = YES_ERROR;
				GCC_WARN_UNDECLARED_SELECTOR = YES;
				GCC_WARN_UNINITIALIZED_AUTOS = YES_AGGRESSIVE;
				GCC_WARN_UNUSED_FUNCTION = YES;
				GCC_WARN_UNUSED_VARIABLE = YES;
				IPHONEOS_DEPLOYMENT_TARGET = 8.0;
				MTL_ENABLE_DEBUG_INFO = NO;
				SDKROOT = iphoneos;
				VALIDATE_PRODUCT = YES;
			};
			name = Release;
		};
		345849DE19BD3E160053AF59 /* Debug */ = {
			isa = XCBuildConfiguration;
			buildSettings = {
				ASSETCATALOG_COMPILER_APPICON_NAME = AppIcon;
				ASSETCATALOG_COMPILER_LAUNCHIMAGE_NAME = LaunchImage;
				CODE_SIGN_IDENTITY = "iPhone Developer";
				INFOPLIST_FILE = CalculoFatorial/Info.plist;
				IPHONEOS_DEPLOYMENT_TARGET = 7.0;
				LD_RUNPATH_SEARCH_PATHS = "$(inherited) @executable_path/Frameworks";
				PRODUCT_NAME = "$(TARGET_NAME)";
			};
			name = Debug;
		};
		345849DF19BD3E160053AF59 /* Release */ = {
			isa = XCBuildConfiguration;
			buildSettings = {
				ASSETCATALOG_COMPILER_APPICON_NAME = AppIcon;
				ASSETCATALOG_COMPILER_LAUNCHIMAGE_NAME = LaunchImage;
				CODE_SIGN_IDENTITY = "iPhone Developer";
				INFOPLIST_FILE = CalculoFatorial/Info.plist;
				IPHONEOS_DEPLOYMENT_TARGET = 7.0;
				LD_RUNPATH_SEARCH_PATHS = "$(inherited) @executable_path/Frameworks";
				PRODUCT_NAME = "$(TARGET_NAME)";
			};
			name = Release;
		};
		345849E119BD3E160053AF59 /* Debug */ = {
			isa = XCBuildConfiguration;
			buildSettings = {
				BUNDLE_LOADER = "$(TEST_HOST)";
				FRAMEWORK_SEARCH_PATHS = (
					"$(SDKROOT)/Developer/Library/Frameworks",
					"$(inherited)",
				);
				GCC_PREPROCESSOR_DEFINITIONS = (
					"DEBUG=1",
					"$(inherited)",
				);
				INFOPLIST_FILE = CalculoFatorialTests/Info.plist;
				LD_RUNPATH_SEARCH_PATHS = "$(inherited) @executable_path/Frameworks @loader_path/Frameworks";
				PRODUCT_NAME = "$(TARGET_NAME)";
				TEST_HOST = "$(BUILT_PRODUCTS_DIR)/CalculoFatorial.app/CalculoFatorial";
			};
			name = Debug;
		};
		345849E219BD3E160053AF59 /* Release */ = {
			isa = XCBuildConfiguration;
			buildSettings = {
				BUNDLE_LOADER = "$(TEST_HOST)";
				FRAMEWORK_SEARCH_PATHS = (
					"$(SDKROOT)/Developer/Library/Frameworks",
					"$(inherited)",
				);
				INFOPLIST_FILE = CalculoFatorialTests/Info.plist;
				LD_RUNPATH_SEARCH_PATHS = "$(inherited) @executable_path/Frameworks @loader_path/Frameworks";
				PRODUCT_NAME = "$(TARGET_NAME)";
				TEST_HOST = "$(BUILT_PRODUCTS_DIR)/CalculoFatorial.app/CalculoFatorial";
			};
			name = Release;
		};
/* End XCBuildConfiguration section */

/* Begin XCConfigurationList section */
		345849BC19BD3E150053AF59 /* Build configuration list for PBXProject "CalculoFatorial" */ = {
			isa = XCConfigurationList;
			buildConfigurations = (
				345849DB19BD3E160053AF59 /* Debug */,
				345849DC19BD3E160053AF59 /* Release */,
			);
			defaultConfigurationIsVisible = 0;
			defaultConfigurationName = Release;
		};
		345849DD19BD3E160053AF59 /* Build configuration list for PBXNativeTarget "CalculoFatorial" */ = {
			isa = XCConfigurationList;
			buildConfigurations = (
				345849DE19BD3E160053AF59 /* Debug */,
				345849DF19BD3E160053AF59 /* Release */,
			);
			defaultConfigurationIsVisible = 0;
			defaultConfigurationName = Release;
		};
		345849E019BD3E160053AF59 /* Build configuration list for PBXNativeTarget "CalculoFatorialTests" */ = {
			isa = XCConfigurationList;
			buildConfigurations = (
				345849E119BD3E160053AF59 /* Debug */,
				345849E219BD3E160053AF59 /* Release */,
			);
			defaultConfigurationIsVisible = 0;
			defaultConfigurationName = Release;
		};
/* End XCConfigurationList section */
	};
	rootObject = 345849B919BD3E150053AF59 /* Project object */;
}
